
Microsoft Visual Studio Solution File, Format Version 12.00
# Visual Studio 15
VisualStudioVersion = 15.0.27130.2024
MinimumVisualStudioVersion = 10.0.40219.1
Project("{8BC9CEB8-8B4A-11D0-8D11-00A0C91BC942}") = "t1ha-test", "t1ha-test.vcxproj", "{BEF30B4A-6826-4166-B11E-5BB8E6FB8682}"
EndProject
Project("{8BC9CEB8-8B4A-11D0-8D11-00A0C91BC942}") = "t1ha-static", "t1ha-static.vcxproj", "{EF987F12-27EC-4300-8B20-63A2C7156AFC}"
EndProject
Project("{8BC9CEB8-8B4A-11D0-8D11-00A0C91BC942}") = "t1ha-dll", "t1ha-dll.vcxproj", "{E243D17B-648E-429B-ABEB-113B9175FB6C}"
EndProject
Global
	GlobalSection(SolutionConfigurationPlatforms) = preSolution
		Debug|ARM = Debug|ARM
		Debug|ARM64 = Debug|ARM64
		Debug|x64 = Debug|x64
		Debug|x86 = Debug|x86
		Release|ARM = Release|ARM
		Release|ARM64 = Release|ARM64
		Release|x64 = Release|x64
		Release|x86 = Release|x86
	EndGlobalSection
	GlobalSection(ProjectConfigurationPlatforms) = postSolution
		{BEF30B4A-6826-4166-B11E-5BB8E6FB8682}.Debug|x64.ActiveCfg = Debug|x64
		{BEF30B4A-6826-4166-B11E-5BB8E6FB8682}.Debug|x64.Build.0 = Debug|x64
		{BEF30B4A-6826-4166-B11E-5BB8E6FB8682}.Debug|x86.ActiveCfg = Debug|Win32
		{BEF30B4A-6826-4166-B11E-5BB8E6FB8682}.Debug|x86.Build.0 = Debug|Win32
		{BEF30B4A-6826-4166-B11E-5BB8E6FB8682}.Release|x64.ActiveCfg = Release|x64
		{BEF30B4A-6826-4166-B11E-5BB8E6FB8682}.Release|x64.Build.0 = Release|x64
		{BEF30B4A-6826-4166-B11E-5BB8E6FB8682}.Release|x86.ActiveCfg = Release|Win32
		{BEF30B4A-6826-4166-B11E-5BB8E6FB8682}.Release|x86.Build.0 = Release|Win32
		{EF987F12-27EC-4300-8B20-63A2C7156AFC}.Debug|ARM.ActiveCfg = Debug|ARM
		{EF987F12-27EC-4300-8B20-63A2C7156AFC}.Debug|ARM.Build.0 = Debug|ARM
		{EF987F12-27EC-4300-8B20-63A2C7156AFC}.Debug|ARM64.ActiveCfg = Debug|ARM64
		{EF987F12-27EC-4300-8B20-63A2C7156AFC}.Debug|ARM64.Build.0 = Debug|ARM64
		{EF987F12-27EC-4300-8B20-63A2C7156AFC}.Debug|x64.ActiveCfg = Debug|x64
		{EF987F12-27EC-4300-8B20-63A2C7156AFC}.Debug|x64.Build.0 = Debug|x64
		{EF987F12-27EC-4300-8B20-63A2C7156AFC}.Debug|x86.ActiveCfg = Debug|Win32
		{EF987F12-27EC-4300-8B20-63A2C7156AFC}.Debug|x86.Build.0 = Debug|Win32
		{EF987F12-27EC-4300-8B20-63A2C7156AFC}.Release|ARM.ActiveCfg = Release|ARM
		{EF987F12-27EC-4300-8B20-63A2C7156AFC}.Release|ARM.Build.0 = Release|ARM
		{EF987F12-27EC-4300-8B20-63A2C7156AFC}.Release|ARM64.ActiveCfg = Release|ARM64
		{EF987F12-27EC-4300-8B20-63A2C7156AFC}.Release|ARM64.Build.0 = Release|ARM64
		{EF987F12-27EC-4300-8B20-63A2C7156AFC}.Release|x64.ActiveCfg = Release|x64
		{EF987F12-27EC-4300-8B20-63A2C7156AFC}.Release|x64.Build.0 = Release|x64
		{EF987F12-27EC-4300-8B20-63A2C7156AFC}.Release|x86.ActiveCfg = Release|Win32
		{EF987F12-27EC-4300-8B20-63A2C7156AFC}.Release|x86.Build.0 = Release|Win32
		{E243D17B-648E-429B-ABEB-113B9175FB6C}.Debug|x64.ActiveCfg = Debug|x64
		{E243D17B-648E-429B-ABEB-113B9175FB6C}.Debug|x64.Build.0 = Debug|x64
		{E243D17B-648E-429B-ABEB-113B9175FB6C}.Debug|x86.ActiveCfg = Debug|Win32
		{E243D17B-648E-429B-ABEB-113B9175FB6C}.Debug|x86.Build.0 = Debug|Win32
		{E243D17B-648E-429B-ABEB-113B9175FB6C}.Release|x64.ActiveCfg = Release|x64
		{E243D17B-648E-429B-ABEB-113B9175FB6C}.Release|x64.Build.0 = Release|x64
		{E243D17B-648E-429B-ABEB-113B9175FB6C}.Release|x86.ActiveCfg = Release|Win32
		{E243D17B-648E-429B-ABEB-113B9175FB6C}.Release|x86.Build.0 = Release|Win32
	EndGlobalSection
	GlobalSection(SolutionProperties) = preSolution
		HideSolutionNode = FALSE
	EndGlobalSection
	GlobalSection(ExtensibilityGlobals) = postSolution
		SolutionGuid = {C88E6722-10B0-4766-B350-D6A3C66B5943}
	EndGlobalSection
EndGlobal
